
Microsoft Visual Studio Solution File, Format Version 12.00
# Visual Studio Version 17
VisualStudioVersion = 17.8.34322.80
MinimumVisualStudioVersion = 10.0.40219.1
Project("{FAE04EC0-301F-11D3-BF4B-00C04F79EFBC}") = "VietSacBackend", "VietSacBackend\VietSacBackend.csproj", "{74EE044B-E376-4549-B4FA-754CAC7828EB}"
EndProject
Global
	GlobalSection(SolutionConfigurationPlatforms) = preSolution
		Debug|Any CPU = Debug|Any CPU
		Release|Any CPU = Release|Any CPU
	EndGlobalSection
	GlobalSection(ProjectConfigurationPlatforms) = postSolution
		{74EE044B-E376-4549-B4FA-754CAC7828EB}.Debug|Any CPU.ActiveCfg = Debug|Any CPU
		{74EE044B-E376-4549-B4FA-754CAC7828EB}.Debug|Any CPU.Build.0 = Debug|Any CPU
		{74EE044B-E376-4549-B4FA-754CAC7828EB}.Release|Any CPU.ActiveCfg = Release|Any CPU
		{74EE044B-E376-4549-B4FA-754CAC7828EB}.Release|Any CPU.Build.0 = Release|Any CPU
	EndGlobalSection
	GlobalSection(SolutionProperties) = preSolution
		HideSolutionNode = FALSE
	EndGlobalSection
	GlobalSection(ExtensibilityGlobals) = postSolution
		SolutionGuid = {3AA84E8D-2924-45E9-AD69-7015F8A30359}
	EndGlobalSection
EndGlobal
